
Microsoft Visual Studio Solution File, Format Version 12.00
# Visual Studio 15
Project("{FAE04EC0-301F-11D3-BF4B-00C04F79EFBC}") = "Assembly-CSharp", "Assembly-CSharp.csproj", "{D4449E04-33F2-6620-510D-3964256F540B}"
EndProject
Project("{FAE04EC0-301F-11D3-BF4B-00C04F79EFBC}") = "Assembly-CSharp-firstpass", "Assembly-CSharp-firstpass.csproj", "{46B0B900-CD76-3423-0FF1-7140026B2740}"
EndProject
Project("{FAE04EC0-301F-11D3-BF4B-00C04F79EFBC}") = "Assembly-CSharp-Editor-firstpass", "Assembly-CSharp-Editor-firstpass.csproj", "{004F7261-5A3B-840B-CF17-CFB623283CD3}"
EndProject
Global
	GlobalSection(SolutionConfigurationPlatforms) = preSolution
		Debug|Any CPU = Debug|Any CPU
		Release|Any CPU = Release|Any CPU
	EndGlobalSection
	GlobalSection(ProjectConfigurationPlatforms) = postSolution
		{D4449E04-33F2-6620-510D-3964256F540B}.Debug|Any CPU.ActiveCfg = Debug|Any CPU
		{D4449E04-33F2-6620-510D-3964256F540B}.Debug|Any CPU.Build.0 = Debug|Any CPU
		{D4449E04-33F2-6620-510D-3964256F540B}.Release|Any CPU.ActiveCfg = Release|Any CPU
		{D4449E04-33F2-6620-510D-3964256F540B}.Release|Any CPU.Build.0 = Release|Any CPU
		{46B0B900-CD76-3423-0FF1-7140026B2740}.Debug|Any CPU.ActiveCfg = Debug|Any CPU
		{46B0B900-CD76-3423-0FF1-7140026B2740}.Debug|Any CPU.Build.0 = Debug|Any CPU
		{46B0B900-CD76-3423-0FF1-7140026B2740}.Release|Any CPU.ActiveCfg = Release|Any CPU
		{46B0B900-CD76-3423-0FF1-7140026B2740}.Release|Any CPU.Build.0 = Release|Any CPU
		{004F7261-5A3B-840B-CF17-CFB623283CD3}.Debug|Any CPU.ActiveCfg = Debug|Any CPU
		{004F7261-5A3B-840B-CF17-CFB623283CD3}.Debug|Any CPU.Build.0 = Debug|Any CPU
		{004F7261-5A3B-840B-CF17-CFB623283CD3}.Release|Any CPU.ActiveCfg = Release|Any CPU
		{004F7261-5A3B-840B-CF17-CFB623283CD3}.Release|Any CPU.Build.0 = Release|Any CPU
	EndGlobalSection
	GlobalSection(SolutionProperties) = preSolution
		HideSolutionNode = FALSE
	EndGlobalSection
EndGlobal
